dependencies:
- name: postgresql
  repository: https://charts.bitnami.com/bitnami
  version: 16.3.5
- name: miacademy-main-maintenance
  repository: file://../sub-charts/miacademy-main-maintenance
  version: 0.1.0
- name: miacademy-website
  repository: file://../sub-charts/miacademy-website
  version: 0.2.0
- name: postgresql
  repository: https://charts.bitnami.com/bitnami
  version: 16.3.5
- name: miacademy-writemostly-maintenance
  repository: file://../sub-charts/miacademy-writemostly-maintenance
  version: 0.2.0
- name: regulator
  repository: file://../sub-charts/regulator
  version: 0.1.0
- name: mariadb
  repository: https://charts.bitnami.com/bitnami
  version: 20.2.1
- name: wordpress
  repository: https://charts.bitnami.com/bitnami
  version: 24.1.5
- name: mariadb
  repository: https://charts.bitnami.com/bitnami
  version: 20.2.1
- name: wordpress
  repository: https://charts.bitnami.com/bitnami
  version: 24.1.5
- name: rabbitmq
  repository: https://charts.bitnami.com/bitnami
  version: 15.2.1
- name: redis
  repository: https://charts.bitnami.com/bitnami
  version: 20.6.1
digest: sha256:6724e307485e72333215bf37c145c3a955581e13402070a35ae7ae216aaec499
generated: "2025-01-08T22:51:16.403406+02:00"
